{
  "name": "Lab 2",
  "lockfileVersion": 2,
  "requires": true,
  "packages": {
    "": {
      "dependencies": {
        "mobx": "^6.4.2",
        "mobx-state-tree": "^5.1.3"
      }
    },
    "node_modules/mobx": {
      "version": "6.4.2",
      "resolved": "https://registry.npmjs.org/mobx/-/mobx-6.4.2.tgz",
      "integrity": "sha512-b4xQJYiH8sb0sEbfq/Ws3N77DEJtSihUFD1moeiz2jNoJ5B+mqJutt54ouO9iEfkp7Wk4jQDsVUOh7DPEW3wEw==",
      "funding": {
        "type": "opencollective",
        "url": "https://opencollective.com/mobx"
      }
    },
    "node_modules/mobx-state-tree": {
      "version": "5.1.3",
      "resolved": "https://registry.npmjs.org/mobx-state-tree/-/mobx-state-tree-5.1.3.tgz",
      "integrity": "sha512-noS6f0OG1T94Nlgq7Ex9k2JBGkoFclEdNLE5rlfOy5CUTzcHNJ18fu8t2TmGXDNzH/jdwc8xAR/w36A2XAUmwA==",
      "funding": {
        "type": "opencollective",
        "url": "https://opencollective.com/mobx"
      },
      "peerDependencies": {
        "mobx": "^6.3.0"
      }
    }
  },
  "dependencies": {
    "mobx": {
      "version": "6.4.2",
      "resolved": "https://registry.npmjs.org/mobx/-/mobx-6.4.2.tgz",
      "integrity": "sha512-b4xQJYiH8sb0sEbfq/Ws3N77DEJtSihUFD1moeiz2jNoJ5B+mqJutt54ouO9iEfkp7Wk4jQDsVUOh7DPEW3wEw=="
    },
    "mobx-state-tree": {
      "version": "5.1.3",
      "resolved": "https://registry.npmjs.org/mobx-state-tree/-/mobx-state-tree-5.1.3.tgz",
      "integrity": "sha512-noS6f0OG1T94Nlgq7Ex9k2JBGkoFclEdNLE5rlfOy5CUTzcHNJ18fu8t2TmGXDNzH/jdwc8xAR/w36A2XAUmwA==",
      "requires": {}
    }
  }
}
